
Microsoft Visual Studio Solution File, Format Version 12.00
# Visual Studio Version 17
VisualStudioVersion = 17.5.002.0
MinimumVisualStudioVersion = 10.0.40219.1
Project("{2150E333-8FDC-42A3-9474-1A3956D46DE8}") = "PETS-API", "PETS-API", "{BA005D91-9368-46AF-8008-0B9B0C82E3A3}"
EndProject
Project("{9A19103F-16F7-4668-BE54-9A1E7A4F7556}") = "api", "PETS-API\api\api.csproj", "{A392D0BC-CBC3-447C-A228-0170A081160B}"
EndProject
Global
	GlobalSection(SolutionConfigurationPlatforms) = preSolution
		Debug|Any CPU = Debug|Any CPU
		Release|Any CPU = Release|Any CPU
	EndGlobalSection
	GlobalSection(ProjectConfigurationPlatforms) = postSolution
		{A392D0BC-CBC3-447C-A228-0170A081160B}.Debug|Any CPU.ActiveCfg = Debug|Any CPU
		{A392D0BC-CBC3-447C-A228-0170A081160B}.Debug|Any CPU.Build.0 = Debug|Any CPU
		{A392D0BC-CBC3-447C-A228-0170A081160B}.Release|Any CPU.ActiveCfg = Release|Any CPU
		{A392D0BC-CBC3-447C-A228-0170A081160B}.Release|Any CPU.Build.0 = Release|Any CPU
	EndGlobalSection
	GlobalSection(SolutionProperties) = preSolution
		HideSolutionNode = FALSE
	EndGlobalSection
	GlobalSection(NestedProjects) = preSolution
		{A392D0BC-CBC3-447C-A228-0170A081160B} = {BA005D91-9368-46AF-8008-0B9B0C82E3A3}
	EndGlobalSection
	GlobalSection(ExtensibilityGlobals) = postSolution
		SolutionGuid = {7AFDCC2D-8994-4CD2-87C5-272DDB773840}
	EndGlobalSection
EndGlobal
