
Microsoft Visual Studio Solution File, Format Version 12.00
# Visual Studio Version 17
VisualStudioVersion = 17.5.002.0
MinimumVisualStudioVersion = 10.0.40219.1
Project("{9A19103F-16F7-4668-BE54-9A1E7A4F7556}") = "api", "api\api.csproj", "{8395AA16-0410-4905-B593-FAAB4F61F6BF}"
EndProject
Global
	GlobalSection(SolutionConfigurationPlatforms) = preSolution
		Debug|Any CPU = Debug|Any CPU
		Release|Any CPU = Release|Any CPU
	EndGlobalSection
	GlobalSection(ProjectConfigurationPlatforms) = postSolution
		{8395AA16-0410-4905-B593-FAAB4F61F6BF}.Debug|Any CPU.ActiveCfg = Debug|Any CPU
		{8395AA16-0410-4905-B593-FAAB4F61F6BF}.Debug|Any CPU.Build.0 = Debug|Any CPU
		{8395AA16-0410-4905-B593-FAAB4F61F6BF}.Release|Any CPU.ActiveCfg = Release|Any CPU
		{8395AA16-0410-4905-B593-FAAB4F61F6BF}.Release|Any CPU.Build.0 = Release|Any CPU
	EndGlobalSection
	GlobalSection(SolutionProperties) = preSolution
		HideSolutionNode = FALSE
	EndGlobalSection
	GlobalSection(ExtensibilityGlobals) = postSolution
		SolutionGuid = {7AFDCC2D-8994-4CD2-87C5-272DDB773840}
	EndGlobalSection
EndGlobal
